<?xml version="1.0" encoding="utf-8"?>
<Project ToolsVersion="4.0" xmlns="http://schemas.microsoft.com/developer/msbuild/2003">
  <ItemGroup>
    <Filter Include="Исходные файлы">
      <UniqueIdentifier>{4FC737F1-C7A5-4376-A066-2A32D752A2FF}</UniqueIdentifier>
      <Extensions>cpp;c;cc;cxx;c++;cppm;ixx;def;odl;idl;hpj;bat;asm;asmx</Extensions>
    </Filter>
    <Filter Include="Файлы заголовков">
      <UniqueIdentifier>{93995380-89BD-4b04-88EB-625FBE52EBFB}</UniqueIdentifier>
      <Extensions>h;hh;hpp;hxx;h++;hm;inl;inc;ipp;xsd</Extensions>
    </Filter>
    <Filter Include="Файлы ресурсов">
      <UniqueIdentifier>{67DA6AB6-F800-4c08-8B7A-83BB121AAD01}</UniqueIdentifier>
      <Extensions>rc;ico;cur;bmp;dlg;rc2;rct;bin;rgs;gif;jpg;jpeg;jpe;resx;tiff;tif;png;wav;mfcribbon-ms</Extensions>
    </Filter>
  </ItemGroup>
  <ItemGroup>
    <ClCompile Include="src\Dog-Engine.cpp">
      <Filter>Исходные файлы</Filter>
    </ClCompile>
    <ClCompile Include="src\core\camera.cpp">
      <Filter>Исходные файлы</Filter>
    </ClCompile>
    <ClCompile Include="src\core\object.cpp">
      <Filter>Исходные файлы</Filter>
    </ClCompile>
    <ClCompile Include="src\core\spriteRender.cpp">
      <Filter>Исходные файлы</Filter>
    </ClCompile>
    <ClCompile Include="src\core\transform.cpp">
      <Filter>Исходные файлы</Filter>
    </ClCompile>
    <ClCompile Include="src\core\scene.cpp">
      <Filter>Исходные файлы</Filter>
    </ClCompile>
    <ClCompile Include="ext\include\imgui\imgui.cpp">
      <Filter>Исходные файлы</Filter>
    </ClCompile>
    <ClCompile Include="ext\include\imgui\imgui_draw.cpp">
      <Filter>Исходные файлы</Filter>
    </ClCompile>
    <ClCompile Include="ext\include\imgui\imgui_tables.cpp">
      <Filter>Исходные файлы</Filter>
    </ClCompile>
    <ClCompile Include="ext\include\imgui\imgui_widgets.cpp">
      <Filter>Исходные файлы</Filter>
    </ClCompile>
    <ClCompile Include="src\core\gui.cpp">
      <Filter>Исходные файлы</Filter>
    </ClCompile>
    <ClCompile Include="ext\include\imgui\imgui_demo.cpp">
      <Filter>Исходные файлы</Filter>
    </ClCompile>
    <ClCompile Include="ext\include\imgui\imgui_impl_dx9.cpp">
      <Filter>Исходные файлы</Filter>
    </ClCompile>
    <ClCompile Include="ext\include\imgui\imgui_impl_win32.cpp">
      <Filter>Исходные файлы</Filter>
    </ClCompile>
    <ClCompile Include="ext\include\imgui\imgui_impl_opengl2.cpp">
      <Filter>Исходные файлы</Filter>
    </ClCompile>
    <ClCompile Include="src\core\external.cpp">
      <Filter>Исходные файлы</Filter>
    </ClCompile>
    <ClCompile Include="src\core\box_collider2D.cpp">
      <Filter>Исходные файлы</Filter>
    </ClCompile>
    <ClCompile Include="src\core\rigidbody2D.cpp">
      <Filter>Исходные файлы</Filter>
    </ClCompile>
    <ClCompile Include="src\core\lua_scripting.cpp">
      <Filter>Исходные файлы</Filter>
    </ClCompile>
    <ClCompile Include="ext\include\lua\lapi.c">
      <Filter>Исходные файлы</Filter>
    </ClCompile>
    <ClCompile Include="ext\include\lua\lauxlib.c">
      <Filter>Исходные файлы</Filter>
    </ClCompile>
    <ClCompile Include="ext\include\lua\lbaselib.c">
      <Filter>Исходные файлы</Filter>
    </ClCompile>
    <ClCompile Include="ext\include\lua\lcode.c">
      <Filter>Исходные файлы</Filter>
    </ClCompile>
    <ClCompile Include="ext\include\lua\lcorolib.c">
      <Filter>Исходные файлы</Filter>
    </ClCompile>
    <ClCompile Include="ext\include\lua\lctype.c">
      <Filter>Исходные файлы</Filter>
    </ClCompile>
    <ClCompile Include="ext\include\lua\ldblib.c">
      <Filter>Исходные файлы</Filter>
    </ClCompile>
    <ClCompile Include="ext\include\lua\ldebug.c">
      <Filter>Исходные файлы</Filter>
    </ClCompile>
    <ClCompile Include="ext\include\lua\ldo.c">
      <Filter>Исходные файлы</Filter>
    </ClCompile>
    <ClCompile Include="ext\include\lua\ldump.c">
      <Filter>Исходные файлы</Filter>
    </ClCompile>
    <ClCompile Include="ext\include\lua\lfunc.c">
      <Filter>Исходные файлы</Filter>
    </ClCompile>
    <ClCompile Include="ext\include\lua\lgc.c">
      <Filter>Исходные файлы</Filter>
    </ClCompile>
    <ClCompile Include="ext\include\lua\linit.c">
      <Filter>Исходные файлы</Filter>
    </ClCompile>
    <ClCompile Include="ext\include\lua\liolib.c">
      <Filter>Исходные файлы</Filter>
    </ClCompile>
    <ClCompile Include="ext\include\lua\llex.c">
      <Filter>Исходные файлы</Filter>
    </ClCompile>
    <ClCompile Include="ext\include\lua\lmathlib.c">
      <Filter>Исходные файлы</Filter>
    </ClCompile>
    <ClCompile Include="ext\include\lua\lmem.c">
      <Filter>Исходные файлы</Filter>
    </ClCompile>
    <ClCompile Include="ext\include\lua\loadlib.c">
      <Filter>Исходные файлы</Filter>
    </ClCompile>
    <ClCompile Include="ext\include\lua\lobject.c">
      <Filter>Исходные файлы</Filter>
    </ClCompile>
    <ClCompile Include="ext\include\lua\lopcodes.c">
      <Filter>Исходные файлы</Filter>
    </ClCompile>
    <ClCompile Include="ext\include\lua\loslib.c">
      <Filter>Исходные файлы</Filter>
    </ClCompile>
    <ClCompile Include="ext\include\lua\lparser.c">
      <Filter>Исходные файлы</Filter>
    </ClCompile>
    <ClCompile Include="ext\include\lua\lstate.c">
      <Filter>Исходные файлы</Filter>
    </ClCompile>
    <ClCompile Include="ext\include\lua\lstring.c">
      <Filter>Исходные файлы</Filter>
    </ClCompile>
    <ClCompile Include="ext\include\lua\lstrlib.c">
      <Filter>Исходные файлы</Filter>
    </ClCompile>
    <ClCompile Include="ext\include\lua\ltable.c">
      <Filter>Исходные файлы</Filter>
    </ClCompile>
    <ClCompile Include="ext\include\lua\ltablib.c">
      <Filter>Исходные файлы</Filter>
    </ClCompile>
    <ClCompile Include="ext\include\lua\ltm.c">
      <Filter>Исходные файлы</Filter>
    </ClCompile>
    <ClCompile Include="ext\include\lua\lua.c">
      <Filter>Исходные файлы</Filter>
    </ClCompile>
    <ClCompile Include="ext\include\lua\luac.c">
      <Filter>Исходные файлы</Filter>
    </ClCompile>
    <ClCompile Include="ext\include\lua\lundump.c">
      <Filter>Исходные файлы</Filter>
    </ClCompile>
    <ClCompile Include="ext\include\lua\lutf8lib.c">
      <Filter>Исходные файлы</Filter>
    </ClCompile>
    <ClCompile Include="ext\include\lua\lvm.c">
      <Filter>Исходные файлы</Filter>
    </ClCompile>
    <ClCompile Include="ext\include\lua\lzio.c">
      <Filter>Исходные файлы</Filter>
    </ClCompile>
    <ClCompile Include="src\core\collision2D.cpp">
      <Filter>Исходные файлы</Filter>
    </ClCompile>
    <ClCompile Include="src\lib\wfsgl32.cpp">
      <Filter>Исходные файлы</Filter>
    </ClCompile>
    <ClCompile Include="src\core\sprite.cpp">
      <Filter>Исходные файлы</Filter>
    </ClCompile>
    <ClCompile Include="src\core\animation.cpp">
      <Filter>Исходные файлы</Filter>
    </ClCompile>
  </ItemGroup>
  <ItemGroup>
    <ClInclude Include="src\lib\io.h">
      <Filter>Файлы заголовков</Filter>
    </ClInclude>
    <ClInclude Include="src\lib\wfsgl32.h">
      <Filter>Файлы заголовков</Filter>
    </ClInclude>
    <ClInclude Include="ext\include\gl.h">
      <Filter>Файлы заголовков</Filter>
    </ClInclude>
    <ClInclude Include="src\lib\math.h">
      <Filter>Файлы заголовков</Filter>
    </ClInclude>
    <ClInclude Include="src\lib\helper.h">
      <Filter>Файлы заголовков</Filter>
    </ClInclude>
    <ClInclude Include="src\lib\exception.h">
      <Filter>Файлы заголовков</Filter>
    </ClInclude>
    <ClInclude Include="ext\include\png.h">
      <Filter>Файлы заголовков</Filter>
    </ClInclude>
    <ClInclude Include="ext\include\pngconf.h">
      <Filter>Файлы заголовков</Filter>
    </ClInclude>
    <ClInclude Include="ext\include\pnglibconf.h">
      <Filter>Файлы заголовков</Filter>
    </ClInclude>
    <ClInclude Include="ext\include\zconf.h">
      <Filter>Файлы заголовков</Filter>
    </ClInclude>
    <ClInclude Include="ext\include\zlib.h">
      <Filter>Файлы заголовков</Filter>
    </ClInclude>
    <ClInclude Include="src\core\definitions.h">
      <Filter>Файлы заголовков</Filter>
    </ClInclude>
    <ClInclude Include="ext\include\imgui\imconfig.h">
      <Filter>Файлы заголовков</Filter>
    </ClInclude>
    <ClInclude Include="ext\include\imgui\imgui.h">
      <Filter>Файлы заголовков</Filter>
    </ClInclude>
    <ClInclude Include="ext\include\imgui\imgui_internal.h">
      <Filter>Файлы заголовков</Filter>
    </ClInclude>
    <ClInclude Include="ext\include\imgui\imstb_rectpack.h">
      <Filter>Файлы заголовков</Filter>
    </ClInclude>
    <ClInclude Include="ext\include\imgui\imstb_textedit.h">
      <Filter>Файлы заголовков</Filter>
    </ClInclude>
    <ClInclude Include="ext\include\imgui\imstb_truetype.h">
      <Filter>Файлы заголовков</Filter>
    </ClInclude>
    <ClInclude Include="src\core\gui.h">
      <Filter>Файлы заголовков</Filter>
    </ClInclude>
    <ClInclude Include="ext\include\imgui\imgui_impl_dx9.h">
      <Filter>Файлы заголовков</Filter>
    </ClInclude>
    <ClInclude Include="ext\include\imgui\imgui_impl_win32.h">
      <Filter>Файлы заголовков</Filter>
    </ClInclude>
    <ClInclude Include="ext\include\imgui\imgui_impl_opengl2.h">
      <Filter>Файлы заголовков</Filter>
    </ClInclude>
    <ClInclude Include="ext\include\lua\lapi.h">
      <Filter>Файлы заголовков</Filter>
    </ClInclude>
    <ClInclude Include="ext\include\lua\lauxlib.h">
      <Filter>Файлы заголовков</Filter>
    </ClInclude>
    <ClInclude Include="ext\include\lua\lcode.h">
      <Filter>Файлы заголовков</Filter>
    </ClInclude>
    <ClInclude Include="ext\include\lua\lctype.h">
      <Filter>Файлы заголовков</Filter>
    </ClInclude>
    <ClInclude Include="ext\include\lua\ldebug.h">
      <Filter>Файлы заголовков</Filter>
    </ClInclude>
    <ClInclude Include="ext\include\lua\ldo.h">
      <Filter>Файлы заголовков</Filter>
    </ClInclude>
    <ClInclude Include="ext\include\lua\lfunc.h">
      <Filter>Файлы заголовков</Filter>
    </ClInclude>
    <ClInclude Include="ext\include\lua\lgc.h">
      <Filter>Файлы заголовков</Filter>
    </ClInclude>
    <ClInclude Include="ext\include\lua\ljumptab.h">
      <Filter>Файлы заголовков</Filter>
    </ClInclude>
    <ClInclude Include="ext\include\lua\llex.h">
      <Filter>Файлы заголовков</Filter>
    </ClInclude>
    <ClInclude Include="ext\include\lua\llimits.h">
      <Filter>Файлы заголовков</Filter>
    </ClInclude>
    <ClInclude Include="ext\include\lua\lmem.h">
      <Filter>Файлы заголовков</Filter>
    </ClInclude>
    <ClInclude Include="ext\include\lua\lobject.h">
      <Filter>Файлы заголовков</Filter>
    </ClInclude>
    <ClInclude Include="ext\include\lua\lopcodes.h">
      <Filter>Файлы заголовков</Filter>
    </ClInclude>
    <ClInclude Include="ext\include\lua\lopnames.h">
      <Filter>Файлы заголовков</Filter>
    </ClInclude>
    <ClInclude Include="ext\include\lua\lparser.h">
      <Filter>Файлы заголовков</Filter>
    </ClInclude>
    <ClInclude Include="ext\include\lua\lprefix.h">
      <Filter>Файлы заголовков</Filter>
    </ClInclude>
    <ClInclude Include="ext\include\lua\lstate.h">
      <Filter>Файлы заголовков</Filter>
    </ClInclude>
    <ClInclude Include="ext\include\lua\lstring.h">
      <Filter>Файлы заголовков</Filter>
    </ClInclude>
    <ClInclude Include="ext\include\lua\ltable.h">
      <Filter>Файлы заголовков</Filter>
    </ClInclude>
    <ClInclude Include="ext\include\lua\ltm.h">
      <Filter>Файлы заголовков</Filter>
    </ClInclude>
    <ClInclude Include="ext\include\lua\lua.h">
      <Filter>Файлы заголовков</Filter>
    </ClInclude>
    <ClInclude Include="ext\include\lua\lua.hpp">
      <Filter>Файлы заголовков</Filter>
    </ClInclude>
    <ClInclude Include="ext\include\lua\luaconf.h">
      <Filter>Файлы заголовков</Filter>
    </ClInclude>
    <ClInclude Include="ext\include\lua\lualib.h">
      <Filter>Файлы заголовков</Filter>
    </ClInclude>
    <ClInclude Include="ext\include\lua\lundump.h">
      <Filter>Файлы заголовков</Filter>
    </ClInclude>
    <ClInclude Include="ext\include\lua\lvm.h">
      <Filter>Файлы заголовков</Filter>
    </ClInclude>
    <ClInclude Include="ext\include\lua\lzio.h">
      <Filter>Файлы заголовков</Filter>
    </ClInclude>
    <ClInclude Include="ext\include\sol\config.hpp">
      <Filter>Файлы заголовков</Filter>
    </ClInclude>
    <ClInclude Include="ext\include\sol\forward.hpp">
      <Filter>Файлы заголовков</Filter>
    </ClInclude>
    <ClInclude Include="ext\include\sol\sol.hpp">
      <Filter>Файлы заголовков</Filter>
    </ClInclude>
    <ClInclude Include="src\core\lua_scripting.h">
      <Filter>Файлы заголовков</Filter>
    </ClInclude>
    <ClInclude Include="src\lib\vec.h">
      <Filter>Файлы заголовков</Filter>
    </ClInclude>
    <ClInclude Include="src\lib\Pixel.h">
      <Filter>Файлы заголовков</Filter>
    </ClInclude>
    <ClInclude Include="src\lib\objectType.h">
      <Filter>Файлы заголовков</Filter>
    </ClInclude>
  </ItemGroup>
  <ItemGroup>
    <None Include="packages.config" />
  </ItemGroup>
</Project>