
Microsoft Visual Studio Solution File, Format Version 12.00
# Visual Studio Version 16
VisualStudioVersion = 16.0.33214.272
MinimumVisualStudioVersion = 10.0.40219.1
Project("{8BC9CEB8-8B4A-11D0-8D11-00A0C91BC942}") = "Dog-Engine", "Dog-Engine.vcxproj", "{98B881F2-9717-4A94-AA1C-70C2992CC3DD}"
EndProject
Global
	GlobalSection(SolutionConfigurationPlatforms) = preSolution
		Debug|x64 = Debug|x64
		Debug|x86 = Debug|x86
		Release|x64 = Release|x64
		Release|x86 = Release|x86
	EndGlobalSection
	GlobalSection(ProjectConfigurationPlatforms) = postSolution
		{98B881F2-9717-4A94-AA1C-70C2992CC3DD}.Debug|x64.ActiveCfg = Debug|x64
		{98B881F2-9717-4A94-AA1C-70C2992CC3DD}.Debug|x64.Build.0 = Debug|x64
		{98B881F2-9717-4A94-AA1C-70C2992CC3DD}.Debug|x86.ActiveCfg = Debug|Win32
		{98B881F2-9717-4A94-AA1C-70C2992CC3DD}.Debug|x86.Build.0 = Debug|Win32
		{98B881F2-9717-4A94-AA1C-70C2992CC3DD}.Release|x64.ActiveCfg = Release|x64
		{98B881F2-9717-4A94-AA1C-70C2992CC3DD}.Release|x64.Build.0 = Release|x64
		{98B881F2-9717-4A94-AA1C-70C2992CC3DD}.Release|x86.ActiveCfg = Release|Win32
		{98B881F2-9717-4A94-AA1C-70C2992CC3DD}.Release|x86.Build.0 = Release|Win32
	EndGlobalSection
	GlobalSection(SolutionProperties) = preSolution
		HideSolutionNode = FALSE
	EndGlobalSection
	GlobalSection(ExtensibilityGlobals) = postSolution
		SolutionGuid = {3A790851-B697-4745-BDE0-0B3EEDAA6CE6}
	EndGlobalSection
EndGlobal
