
Microsoft Visual Studio Solution File, Format Version 12.00
# Visual Studio Version 16
VisualStudioVersion = 16.0.33214.272
MinimumVisualStudioVersion = 10.0.40219.1
Project("{8BC9CEB8-8B4A-11D0-8D11-00A0C91BC942}") = "DogEngineRuntime", "DogEngineRuntime.vcxproj", "{947F5DA9-6552-455D-9895-4F696A795F84}"
EndProject
Global
	GlobalSection(SolutionConfigurationPlatforms) = preSolution
		Debug|x64 = Debug|x64
		Debug|x86 = Debug|x86
		Release|x64 = Release|x64
		Release|x86 = Release|x86
	EndGlobalSection
	GlobalSection(ProjectConfigurationPlatforms) = postSolution
		{947F5DA9-6552-455D-9895-4F696A795F84}.Debug|x64.ActiveCfg = Debug|x64
		{947F5DA9-6552-455D-9895-4F696A795F84}.Debug|x64.Build.0 = Debug|x64
		{947F5DA9-6552-455D-9895-4F696A795F84}.Debug|x86.ActiveCfg = Debug|Win32
		{947F5DA9-6552-455D-9895-4F696A795F84}.Debug|x86.Build.0 = Debug|Win32
		{947F5DA9-6552-455D-9895-4F696A795F84}.Release|x64.ActiveCfg = Release|x64
		{947F5DA9-6552-455D-9895-4F696A795F84}.Release|x64.Build.0 = Release|x64
		{947F5DA9-6552-455D-9895-4F696A795F84}.Release|x86.ActiveCfg = Release|Win32
		{947F5DA9-6552-455D-9895-4F696A795F84}.Release|x86.Build.0 = Release|Win32
	EndGlobalSection
	GlobalSection(SolutionProperties) = preSolution
		HideSolutionNode = FALSE
	EndGlobalSection
	GlobalSection(ExtensibilityGlobals) = postSolution
		SolutionGuid = {0041054F-39D1-42F7-A0E6-989A91C007FF}
	EndGlobalSection
EndGlobal
